// !$*UTF8*$!
{
	archiveVersion = 1;
	classes = {
	};
	objectVersion = 56;
	objects = {

/* Begin PBXBuildFile section */
		849343DC2C27DDC1009BB751 /* Cache.swift in Sources */ = {isa = PBXBuildFile; fileRef = 849343DB2C27DDC1009BB751 /* Cache.swift */; };
		849343DE2C27F137009BB751 /* FoodData.swift in Sources */ = {isa = PBXBuildFile; fileRef = 849343DD2C27F137009BB751 /* FoodData.swift */; };
		849343E02C280AAA009BB751 /* ShowFood.swift in Sources */ = {isa = PBXBuildFile; fileRef = 849343DF2C280AAA009BB751 /* ShowFood.swift */; };
		849343E32C281491009BB751 /* ScreenshotSwiftUI in Frameworks */ = {isa = PBXBuildFile; productRef = 849343E22C281491009BB751 /* ScreenshotSwiftUI */; };
		8496D78B2C27B67000C7DC9F /* TestApp.swift in Sources */ = {isa = PBXBuildFile; fileRef = 8496D78A2C27B67000C7DC9F /* TestApp.swift */; };
		8496D78D2C27B67000C7DC9F /* ContentView.swift in Sources */ = {isa = PBXBuildFile; fileRef = 8496D78C2C27B67000C7DC9F /* ContentView.swift */; };
		8496D78F2C27B67100C7DC9F /* Assets.xcassets in Resources */ = {isa = PBXBuildFile; fileRef = 8496D78E2C27B67100C7DC9F /* Assets.xcassets */; };
		8496D7922C27B67100C7DC9F /* Preview Assets.xcassets in Resources */ = {isa = PBXBuildFile; fileRef = 8496D7912C27B67100C7DC9F /* Preview Assets.xcassets */; };
		8496D79C2C27B67200C7DC9F /* TestTests.swift in Sources */ = {isa = PBXBuildFile; fileRef = 8496D79B2C27B67200C7DC9F /* TestTests.swift */; };
		8496D7A62C27B67200C7DC9F /* TestUITests.swift in Sources */ = {isa = PBXBuildFile; fileRef = 8496D7A52C27B67200C7DC9F /* TestUITests.swift */; };
		8496D7A82C27B67200C7DC9F /* TestUITestsLaunchTests.swift in Sources */ = {isa = PBXBuildFile; fileRef = 8496D7A72C27B67200C7DC9F /* TestUITestsLaunchTests.swift */; };
		8496D7B52C27B86000C7DC9F /* DragLearn.swift in Sources */ = {isa = PBXBuildFile; fileRef = 8496D7B42C27B86000C7DC9F /* DragLearn.swift */; };
		8496D7B72C27BDE900C7DC9F /* DraggableClass.swift in Sources */ = {isa = PBXBuildFile; fileRef = 8496D7B62C27BDE900C7DC9F /* DraggableClass.swift */; };
		8496D7B92C27C4AD00C7DC9F /* DraggableItem.swift in Sources */ = {isa = PBXBuildFile; fileRef = 8496D7B82C27C4AD00C7DC9F /* DraggableItem.swift */; };
/* End PBXBuildFile section */

/* Begin PBXContainerItemProxy section */
		8496D7982C27B67200C7DC9F /* PBXContainerItemProxy */ = {
			isa = PBXContainerItemProxy;
			containerPortal = 8496D77F2C27B67000C7DC9F /* Project object */;
			proxyType = 1;
			remoteGlobalIDString = 8496D7862C27B67000C7DC9F;
			remoteInfo = Test;
		};
		8496D7A22C27B67200C7DC9F /* PBXContainerItemProxy */ = {
			isa = PBXContainerItemProxy;
			containerPortal = 8496D77F2C27B67000C7DC9F /* Project object */;
			proxyType = 1;
			remoteGlobalIDString = 8496D7862C27B67000C7DC9F;
			remoteInfo = Test;
		};
/* End PBXContainerItemProxy section */

/* Begin PBXFileReference section */
		849343DB2C27DDC1009BB751 /* Cache.swift */ = {isa = PBXFileReference; lastKnownFileType = sourcecode.swift; path = Cache.swift; sourceTree = "<group>"; };
		849343DD2C27F137009BB751 /* FoodData.swift */ = {isa = PBXFileReference; lastKnownFileType = sourcecode.swift; path = FoodData.swift; sourceTree = "<group>"; };
		849343DF2C280AAA009BB751 /* ShowFood.swift */ = {isa = PBXFileReference; lastKnownFileType = sourcecode.swift; path = ShowFood.swift; sourceTree = "<group>"; };
		8496D7872C27B67000C7DC9F /* Test.app */ = {isa = PBXFileReference; explicitFileType = wrapper.application; includeInIndex = 0; path = Test.app; sourceTree = BUILT_PRODUCTS_DIR; };
		8496D78A2C27B67000C7DC9F /* TestApp.swift */ = {isa = PBXFileReference; lastKnownFileType = sourcecode.swift; path = TestApp.swift; sourceTree = "<group>"; };
		8496D78C2C27B67000C7DC9F /* ContentView.swift */ = {isa = PBXFileReference; lastKnownFileType = sourcecode.swift; path = ContentView.swift; sourceTree = "<group>"; };
		8496D78E2C27B67100C7DC9F /* Assets.xcassets */ = {isa = PBXFileReference; lastKnownFileType = folder.assetcatalog; path = Assets.xcassets; sourceTree = "<group>"; };
		8496D7912C27B67100C7DC9F /* Preview Assets.xcassets */ = {isa = PBXFileReference; lastKnownFileType = folder.assetcatalog; path = "Preview Assets.xcassets"; sourceTree = "<group>"; };
		8496D7972C27B67200C7DC9F /* TestTests.xctest */ = {isa = PBXFileReference; explicitFileType = wrapper.cfbundle; includeInIndex = 0; path = TestTests.xctest; sourceTree = BUILT_PRODUCTS_DIR; };
		8496D79B2C27B67200C7DC9F /* TestTests.swift */ = {isa = PBXFileReference; lastKnownFileType = sourcecode.swift; path = TestTests.swift; sourceTree = "<group>"; };
		8496D7A12C27B67200C7DC9F /* TestUITests.xctest */ = {isa = PBXFileReference; explicitFileType = wrapper.cfbundle; includeInIndex = 0; path = TestUITests.xctest; sourceTree = BUILT_PRODUCTS_DIR; };
		8496D7A52C27B67200C7DC9F /* TestUITests.swift */ = {isa = PBXFileReference; lastKnownFileType = sourcecode.swift; path = TestUITests.swift; sourceTree = "<group>"; };
		8496D7A72C27B67200C7DC9F /* TestUITestsLaunchTests.swift */ = {isa = PBXFileReference; lastKnownFileType = sourcecode.swift; path = TestUITestsLaunchTests.swift; sourceTree = "<group>"; };
		8496D7B42C27B86000C7DC9F /* DragLearn.swift */ = {isa = PBXFileReference; lastKnownFileType = sourcecode.swift; path = DragLearn.swift; sourceTree = "<group>"; };
		8496D7B62C27BDE900C7DC9F /* DraggableClass.swift */ = {isa = PBXFileReference; lastKnownFileType = sourcecode.swift; path = DraggableClass.swift; sourceTree = "<group>"; };
		8496D7B82C27C4AD00C7DC9F /* DraggableItem.swift */ = {isa = PBXFileReference; lastKnownFileType = sourcecode.swift; path = DraggableItem.swift; sourceTree = "<group>"; };
/* End PBXFileReference section */

/* Begin PBXFrameworksBuildPhase section */
		8496D7842C27B67000C7DC9F /* Frameworks */ = {
			isa = PBXFrameworksBuildPhase;
			buildActionMask = 2147483647;
			files = (
				849343E32C281491009BB751 /* ScreenshotSwiftUI in Frameworks */,
			);
			runOnlyForDeploymentPostprocessing = 0;
		};
		8496D7942C27B67200C7DC9F /* Frameworks */ = {
			isa = PBXFrameworksBuildPhase;
			buildActionMask = 2147483647;
			files = (
			);
			runOnlyForDeploymentPostprocessing = 0;
		};
		8496D79E2C27B67200C7DC9F /* Frameworks */ = {
			isa = PBXFrameworksBuildPhase;
			buildActionMask = 2147483647;
			files = (
			);
			runOnlyForDeploymentPostprocessing = 0;
		};
/* End PBXFrameworksBuildPhase section */

/* Begin PBXGroup section */
		849343DA2C27DAFE009BB751 /* Model */ = {
			isa = PBXGroup;
			children = (
				8496D7B62C27BDE900C7DC9F /* DraggableClass.swift */,
				849343DD2C27F137009BB751 /* FoodData.swift */,
			);
			path = Model;
			sourceTree = "<group>";
		};
		8496D77E2C27B67000C7DC9F = {
			isa = PBXGroup;
			children = (
				8496D7892C27B67000C7DC9F /* Test */,
				8496D79A2C27B67200C7DC9F /* TestTests */,
				8496D7A42C27B67200C7DC9F /* TestUITests */,
				8496D7882C27B67000C7DC9F /* Products */,
			);
			sourceTree = "<group>";
		};
		8496D7882C27B67000C7DC9F /* Products */ = {
			isa = PBXGroup;
			children = (
				8496D7872C27B67000C7DC9F /* Test.app */,
				8496D7972C27B67200C7DC9F /* TestTests.xctest */,
				8496D7A12C27B67200C7DC9F /* TestUITests.xctest */,
			);
			name = Products;
			sourceTree = "<group>";
		};
		8496D7892C27B67000C7DC9F /* Test */ = {
			isa = PBXGroup;
			children = (
				849343DA2C27DAFE009BB751 /* Model */,
				8496D78A2C27B67000C7DC9F /* TestApp.swift */,
				8496D78C2C27B67000C7DC9F /* ContentView.swift */,
				8496D78E2C27B67100C7DC9F /* Assets.xcassets */,
				8496D7902C27B67100C7DC9F /* Preview Content */,
				8496D7B42C27B86000C7DC9F /* DragLearn.swift */,
				8496D7B82C27C4AD00C7DC9F /* DraggableItem.swift */,
				849343DB2C27DDC1009BB751 /* Cache.swift */,
				849343DF2C280AAA009BB751 /* ShowFood.swift */,
			);
			path = Test;
			sourceTree = "<group>";
		};
		8496D7902C27B67100C7DC9F /* Preview Content */ = {
			isa = PBXGroup;
			children = (
				8496D7912C27B67100C7DC9F /* Preview Assets.xcassets */,
			);
			path = "Preview Content";
			sourceTree = "<group>";
		};
		8496D79A2C27B67200C7DC9F /* TestTests */ = {
			isa = PBXGroup;
			children = (
				8496D79B2C27B67200C7DC9F /* TestTests.swift */,
			);
			path = TestTests;
			sourceTree = "<group>";
		};
		8496D7A42C27B67200C7DC9F /* TestUITests */ = {
			isa = PBXGroup;
			children = (
				8496D7A52C27B67200C7DC9F /* TestUITests.swift */,
				8496D7A72C27B67200C7DC9F /* TestUITestsLaunchTests.swift */,
			);
			path = TestUITests;
			sourceTree = "<group>";
		};
/* End PBXGroup section */

/* Begin PBXNativeTarget section */
		8496D7862C27B67000C7DC9F /* Test */ = {
			isa = PBXNativeTarget;
			buildConfigurationList = 8496D7AB2C27B67200C7DC9F /* Build configuration list for PBXNativeTarget "Test" */;
			buildPhases = (
				8496D7832C27B67000C7DC9F /* Sources */,
				8496D7842C27B67000C7DC9F /* Frameworks */,
				8496D7852C27B67000C7DC9F /* Resources */,
			);
			buildRules = (
			);
			dependencies = (
			);
			name = Test;
			packageProductDependencies = (
				849343E22C281491009BB751 /* ScreenshotSwiftUI */,
			);
			productName = Test;
			productReference = 8496D7872C27B67000C7DC9F /* Test.app */;
			productType = "com.apple.product-type.application";
		};
		8496D7962C27B67200C7DC9F /* TestTests */ = {
			isa = PBXNativeTarget;
			buildConfigurationList = 8496D7AE2C27B67200C7DC9F /* Build configuration list for PBXNativeTarget "TestTests" */;
			buildPhases = (
				8496D7932C27B67200C7DC9F /* Sources */,
				8496D7942C27B67200C7DC9F /* Frameworks */,
				8496D7952C27B67200C7DC9F /* Resources */,
			);
			buildRules = (
			);
			dependencies = (
				8496D7992C27B67200C7DC9F /* PBXTargetDependency */,
			);
			name = TestTests;
			productName = TestTests;
			productReference = 8496D7972C27B67200C7DC9F /* TestTests.xctest */;
			productType = "com.apple.product-type.bundle.unit-test";
		};
		8496D7A02C27B67200C7DC9F /* TestUITests */ = {
			isa = PBXNativeTarget;
			buildConfigurationList = 8496D7B12C27B67200C7DC9F /* Build configuration list for PBXNativeTarget "TestUITests" */;
			buildPhases = (
				8496D79D2C27B67200C7DC9F /* Sources */,
				8496D79E2C27B67200C7DC9F /* Frameworks */,
				8496D79F2C27B67200C7DC9F /* Resources */,
			);
			buildRules = (
			);
			dependencies = (
				8496D7A32C27B67200C7DC9F /* PBXTargetDependency */,
			);
			name = TestUITests;
			productName = TestUITests;
			productReference = 8496D7A12C27B67200C7DC9F /* TestUITests.xctest */;
			productType = "com.apple.product-type.bundle.ui-testing";
		};
/* End PBXNativeTarget section */

/* Begin PBXProject section */
		8496D77F2C27B67000C7DC9F /* Project object */ = {
			isa = PBXProject;
			attributes = {
				BuildIndependentTargetsInParallel = 1;
				LastSwiftUpdateCheck = 1540;
				LastUpgradeCheck = 1540;
				TargetAttributes = {
					8496D7862C27B67000C7DC9F = {
						CreatedOnToolsVersion = 15.4;
					};
					8496D7962C27B67200C7DC9F = {
						CreatedOnToolsVersion = 15.4;
						TestTargetID = 8496D7862C27B67000C7DC9F;
					};
					8496D7A02C27B67200C7DC9F = {
						CreatedOnToolsVersion = 15.4;
						TestTargetID = 8496D7862C27B67000C7DC9F;
					};
				};
			};
			buildConfigurationList = 8496D7822C27B67000C7DC9F /* Build configuration list for PBXProject "Test" */;
			compatibilityVersion = "Xcode 14.0";
			developmentRegion = en;
			hasScannedForEncodings = 0;
			knownRegions = (
				en,
				Base,
			);
			mainGroup = 8496D77E2C27B67000C7DC9F;
			packageReferences = (
				849343E12C28134B009BB751 /* XCRemoteSwiftPackageReference "ScreenshotSwiftUI" */,
			);
			productRefGroup = 8496D7882C27B67000C7DC9F /* Products */;
			projectDirPath = "";
			projectRoot = "";
			targets = (
				8496D7862C27B67000C7DC9F /* Test */,
				8496D7962C27B67200C7DC9F /* TestTests */,
				8496D7A02C27B67200C7DC9F /* TestUITests */,
			);
		};
/* End PBXProject section */

/* Begin PBXResourcesBuildPhase section */
		8496D7852C27B67000C7DC9F /* Resources */ = {
			isa = PBXResourcesBuildPhase;
			buildActionMask = 2147483647;
			files = (
				8496D7922C27B67100C7DC9F /* Preview Assets.xcassets in Resources */,
				8496D78F2C27B67100C7DC9F /* Assets.xcassets in Resources */,
			);
			runOnlyForDeploymentPostprocessing = 0;
		};
		8496D7952C27B67200C7DC9F /* Resources */ = {
			isa = PBXResourcesBuildPhase;
			buildActionMask = 2147483647;
			files = (
			);
			runOnlyForDeploymentPostprocessing = 0;
		};
		8496D79F2C27B67200C7DC9F /* Resources */ = {
			isa = PBXResourcesBuildPhase;
			buildActionMask = 2147483647;
			files = (
			);
			runOnlyForDeploymentPostprocessing = 0;
		};
/* End PBXResourcesBuildPhase section */

/* Begin PBXSourcesBuildPhase section */
		8496D7832C27B67000C7DC9F /* Sources */ = {
			isa = PBXSourcesBuildPhase;
			buildActionMask = 2147483647;
			files = (
				849343DE2C27F137009BB751 /* FoodData.swift in Sources */,
				8496D7B52C27B86000C7DC9F /* DragLearn.swift in Sources */,
				849343E02C280AAA009BB751 /* ShowFood.swift in Sources */,
				8496D78D2C27B67000C7DC9F /* ContentView.swift in Sources */,
				8496D7B92C27C4AD00C7DC9F /* DraggableItem.swift in Sources */,
				8496D7B72C27BDE900C7DC9F /* DraggableClass.swift in Sources */,
				849343DC2C27DDC1009BB751 /* Cache.swift in Sources */,
				8496D78B2C27B67000C7DC9F /* TestApp.swift in Sources */,
			);
			runOnlyForDeploymentPostprocessing = 0;
		};
		8496D7932C27B67200C7DC9F /* Sources */ = {
			isa = PBXSourcesBuildPhase;
			buildActionMask = 2147483647;
			files = (
				8496D79C2C27B67200C7DC9F /* TestTests.swift in Sources */,
			);
			runOnlyForDeploymentPostprocessing = 0;
		};
		8496D79D2C27B67200C7DC9F /* Sources */ = {
			isa = PBXSourcesBuildPhase;
			buildActionMask = 2147483647;
			files = (
				8496D7A82C27B67200C7DC9F /* TestUITestsLaunchTests.swift in Sources */,
				8496D7A62C27B67200C7DC9F /* TestUITests.swift in Sources */,
			);
			runOnlyForDeploymentPostprocessing = 0;
		};
/* End PBXSourcesBuildPhase section */

/* Begin PBXTargetDependency section */
		8496D7992C27B67200C7DC9F /* PBXTargetDependency */ = {
			isa = PBXTargetDependency;
			target = 8496D7862C27B67000C7DC9F /* Test */;
			targetProxy = 8496D7982C27B67200C7DC9F /* PBXContainerItemProxy */;
		};
		8496D7A32C27B67200C7DC9F /* PBXTargetDependency */ = {
			isa = PBXTargetDependency;
			target = 8496D7862C27B67000C7DC9F /* Test */;
			targetProxy = 8496D7A22C27B67200C7DC9F /* PBXContainerItemProxy */;
		};
/* End PBXTargetDependency section */

/* Begin XCBuildConfiguration section */
		8496D7A92C27B67200C7DC9F /* Debug */ = {
			isa = XCBuildConfiguration;
			buildSettings = {
				ALWAYS_SEARCH_USER_PATHS = NO;
				ASSETCATALOG_COMPILER_GENERATE_SWIFT_ASSET_SYMBOL_EXTENSIONS = YES;
				CLANG_ANALYZER_NONNULL = YES;
				CLANG_ANALYZER_NUMBER_OBJECT_CONVERSION = YES_AGGRESSIVE;
				CLANG_CXX_LANGUAGE_STANDARD = "gnu++20";
				CLANG_ENABLE_MODULES = YES;
				CLANG_ENABLE_OBJC_ARC = YES;
				CLANG_ENABLE_OBJC_WEAK = YES;
				CLANG_WARN_BLOCK_CAPTURE_AUTORELEASING = YES;
				CLANG_WARN_BOOL_CONVERSION = YES;
				CLANG_WARN_COMMA = YES;
				CLANG_WARN_CONSTANT_CONVERSION = YES;
				CLANG_WARN_DEPRECATED_OBJC_IMPLEMENTATIONS = YES;
				CLANG_WARN_DIRECT_OBJC_ISA_USAGE = YES_ERROR;
				CLANG_WARN_DOCUMENTATION_COMMENTS = YES;
				CLANG_WARN_EMPTY_BODY = YES;
				CLANG_WARN_ENUM_CONVERSION = YES;
				CLANG_WARN_INFINITE_RECURSION = YES;
				CLANG_WARN_INT_CONVERSION = YES;
				CLANG_WARN_NON_LITERAL_NULL_CONVERSION = YES;
				CLANG_WARN_OBJC_IMPLICIT_RETAIN_SELF = YES;
				CLANG_WARN_OBJC_LITERAL_CONVERSION = YES;
				CLANG_WARN_OBJC_ROOT_CLASS = YES_ERROR;
				CLANG_WARN_QUOTED_INCLUDE_IN_FRAMEWORK_HEADER = YES;
				CLANG_WARN_RANGE_LOOP_ANALYSIS = YES;
				CLANG_WARN_STRICT_PROTOTYPES = YES;
				CLANG_WARN_SUSPICIOUS_MOVE = YES;
				CLANG_WARN_UNGUARDED_AVAILABILITY = YES_AGGRESSIVE;
				CLANG_WARN_UNREACHABLE_CODE = YES;
				CLANG_WARN__DUPLICATE_METHOD_MATCH = YES;
				COPY_PHASE_STRIP = NO;
				DEBUG_INFORMATION_FORMAT = dwarf;
				ENABLE_STRICT_OBJC_MSGSEND = YES;
				ENABLE_TESTABILITY = YES;
				ENABLE_USER_SCRIPT_SANDBOXING = YES;
				GCC_C_LANGUAGE_STANDARD = gnu17;
				GCC_DYNAMIC_NO_PIC = NO;
				GCC_NO_COMMON_BLOCKS = YES;
				GCC_OPTIMIZATION_LEVEL = 0;
				GCC_PREPROCESSOR_DEFINITIONS = (
					"DEBUG=1",
					"$(inherited)",
				);
				GCC_WARN_64_TO_32_BIT_CONVERSION = YES;
				GCC_WARN_ABOUT_RETURN_TYPE = YES_ERROR;
				GCC_WARN_UNDECLARED_SELECTOR = YES;
				GCC_WARN_UNINITIALIZED_AUTOS = YES_AGGRESSIVE;
				GCC_WARN_UNUSED_FUNCTION = YES;
				GCC_WARN_UNUSED_VARIABLE = YES;
				IPHONEOS_DEPLOYMENT_TARGET = 17.5;
				LOCALIZATION_PREFERS_STRING_CATALOGS = YES;
				MTL_ENABLE_DEBUG_INFO = INCLUDE_SOURCE;
				MTL_FAST_MATH = YES;
				ONLY_ACTIVE_ARCH = YES;
				SDKROOT = iphoneos;
				SWIFT_ACTIVE_COMPILATION_CONDITIONS = "DEBUG $(inherited)";
				SWIFT_OPTIMIZATION_LEVEL = "-Onone";
			};
			name = Debug;
		};
		8496D7AA2C27B67200C7DC9F /* Release */ = {
			isa = XCBuildConfiguration;
			buildSettings = {
				ALWAYS_SEARCH_USER_PATHS = NO;
				ASSETCATALOG_COMPILER_GENERATE_SWIFT_ASSET_SYMBOL_EXTENSIONS = YES;
				CLANG_ANALYZER_NONNULL = YES;
				CLANG_ANALYZER_NUMBER_OBJECT_CONVERSION = YES_AGGRESSIVE;
				CLANG_CXX_LANGUAGE_STANDARD = "gnu++20";
				CLANG_ENABLE_MODULES = YES;
				CLANG_ENABLE_OBJC_ARC = YES;
				CLANG_ENABLE_OBJC_WEAK = YES;
				CLANG_WARN_BLOCK_CAPTURE_AUTORELEASING = YES;
				CLANG_WARN_BOOL_CONVERSION = YES;
				CLANG_WARN_COMMA = YES;
				CLANG_WARN_CONSTANT_CONVERSION = YES;
				CLANG_WARN_DEPRECATED_OBJC_IMPLEMENTATIONS = YES;
				CLANG_WARN_DIRECT_OBJC_ISA_USAGE = YES_ERROR;
				CLANG_WARN_DOCUMENTATION_COMMENTS = YES;
				CLANG_WARN_EMPTY_BODY = YES;
				CLANG_WARN_ENUM_CONVERSION = YES;
				CLANG_WARN_INFINITE_RECURSION = YES;
				CLANG_WARN_INT_CONVERSION = YES;
				CLANG_WARN_NON_LITERAL_NULL_CONVERSION = YES;
				CLANG_WARN_OBJC_IMPLICIT_RETAIN_SELF = YES;
				CLANG_WARN_OBJC_LITERAL_CONVERSION = YES;
				CLANG_WARN_OBJC_ROOT_CLASS = YES_ERROR;
				CLANG_WARN_QUOTED_INCLUDE_IN_FRAMEWORK_HEADER = YES;
				CLANG_WARN_RANGE_LOOP_ANALYSIS = YES;
				CLANG_WARN_STRICT_PROTOTYPES = YES;
				CLANG_WARN_SUSPICIOUS_MOVE = YES;
				CLANG_WARN_UNGUARDED_AVAILABILITY = YES_AGGRESSIVE;
				CLANG_WARN_UNREACHABLE_CODE = YES;
				CLANG_WARN__DUPLICATE_METHOD_MATCH = YES;
				COPY_PHASE_STRIP = NO;
				DEBUG_INFORMATION_FORMAT = "dwarf-with-dsym";
				ENABLE_NS_ASSERTIONS = NO;
				ENABLE_STRICT_OBJC_MSGSEND = YES;
				ENABLE_USER_SCRIPT_SANDBOXING = YES;
				GCC_C_LANGUAGE_STANDARD = gnu17;
				GCC_NO_COMMON_BLOCKS = YES;
				GCC_WARN_64_TO_32_BIT_CONVERSION = YES;
				GCC_WARN_ABOUT_RETURN_TYPE = YES_ERROR;
				GCC_WARN_UNDECLARED_SELECTOR = YES;
				GCC_WARN_UNINITIALIZED_AUTOS = YES_AGGRESSIVE;
				GCC_WARN_UNUSED_FUNCTION = YES;
				GCC_WARN_UNUSED_VARIABLE = YES;
				IPHONEOS_DEPLOYMENT_TARGET = 17.5;
				LOCALIZATION_PREFERS_STRING_CATALOGS = YES;
				MTL_ENABLE_DEBUG_INFO = NO;
				MTL_FAST_MATH = YES;
				SDKROOT = iphoneos;
				SWIFT_COMPILATION_MODE = wholemodule;
				VALIDATE_PRODUCT = YES;
			};
			name = Release;
		};
		8496D7AC2C27B67200C7DC9F /* Debug */ = {
			isa = XCBuildConfiguration;
			buildSettings = {
				ASSETCATALOG_COMPILER_APPICON_NAME = AppIcon;
				ASSETCATALOG_COMPILER_GLOBAL_ACCENT_COLOR_NAME = AccentColor;
				CODE_SIGN_STYLE = Automatic;
				CURRENT_PROJECT_VERSION = 1;
				DEVELOPMENT_ASSET_PATHS = "\"Test/Preview Content\"";
				ENABLE_PREVIEWS = YES;
				GENERATE_INFOPLIST_FILE = YES;
				INFOPLIST_KEY_NSPhotoLibraryUsageDescription = "NEED TO USE";
				INFOPLIST_KEY_UIApplicationSceneManifest_Generation = YES;
				INFOPLIST_KEY_UIApplicationSupportsIndirectInputEvents = YES;
				INFOPLIST_KEY_UILaunchScreen_Generation = YES;
				INFOPLIST_KEY_UISupportedInterfaceOrientations_iPad = "UIInterfaceOrientationPortrait UIInterfaceOrientationPortraitUpsideDown UIInterfaceOrientationLandscapeLeft UIInterfaceOrientationLandscapeRight";
				INFOPLIST_KEY_UISupportedInterfaceOrientations_iPhone = "UIInterfaceOrientationPortrait UIInterfaceOrientationLandscapeLeft UIInterfaceOrientationLandscapeRight";
				LD_RUNPATH_SEARCH_PATHS = (
					"$(inherited)",
					"@executable_path/Frameworks",
				);
				MARKETING_VERSION = 1.0;
				PRODUCT_BUNDLE_IDENTIFIER = "Wiracha-Apiruxpoovadol.Test";
				PRODUCT_NAME = "$(TARGET_NAME)";
				SWIFT_EMIT_LOC_STRINGS = YES;
				SWIFT_VERSION = 5.0;
				TARGETED_DEVICE_FAMILY = "1,2";
			};
			name = Debug;
		};
		8496D7AD2C27B67200C7DC9F /* Release */ = {
			isa = XCBuildConfiguration;
			buildSettings = {
				ASSETCATALOG_COMPILER_APPICON_NAME = AppIcon;
				ASSETCATALOG_COMPILER_GLOBAL_ACCENT_COLOR_NAME = AccentColor;
				CODE_SIGN_STYLE = Automatic;
				CURRENT_PROJECT_VERSION = 1;
				DEVELOPMENT_ASSET_PATHS = "\"Test/Preview Content\"";
				ENABLE_PREVIEWS = YES;
				GENERATE_INFOPLIST_FILE = YES;
				INFOPLIST_KEY_NSPhotoLibraryUsageDescription = "NEED TO USE";
				INFOPLIST_KEY_UIApplicationSceneManifest_Generation = YES;
				INFOPLIST_KEY_UIApplicationSupportsIndirectInputEvents = YES;
				INFOPLIST_KEY_UILaunchScreen_Generation = YES;
				INFOPLIST_KEY_UISupportedInterfaceOrientations_iPad = "UIInterfaceOrientationPortrait UIInterfaceOrientationPortraitUpsideDown UIInterfaceOrientationLandscapeLeft UIInterfaceOrientationLandscapeRight";
				INFOPLIST_KEY_UISupportedInterfaceOrientations_iPhone = "UIInterfaceOrientationPortrait UIInterfaceOrientationLandscapeLeft UIInterfaceOrientationLandscapeRight";
				LD_RUNPATH_SEARCH_PATHS = (
					"$(inherited)",
					"@executable_path/Frameworks",
				);
				MARKETING_VERSION = 1.0;
				PRODUCT_BUNDLE_IDENTIFIER = "Wiracha-Apiruxpoovadol.Test";
				PRODUCT_NAME = "$(TARGET_NAME)";
				SWIFT_EMIT_LOC_STRINGS = YES;
				SWIFT_VERSION = 5.0;
				TARGETED_DEVICE_FAMILY = "1,2";
			};
			name = Release;
		};
		8496D7AF2C27B67200C7DC9F /* Debug */ = {
			isa = XCBuildConfiguration;
			buildSettings = {
				ALWAYS_EMBED_SWIFT_STANDARD_LIBRARIES = YES;
				BUNDLE_LOADER = "$(TEST_HOST)";
				CODE_SIGN_STYLE = Automatic;
				CURRENT_PROJECT_VERSION = 1;
				GENERATE_INFOPLIST_FILE = YES;
				IPHONEOS_DEPLOYMENT_TARGET = 17.5;
				MARKETING_VERSION = 1.0;
				PRODUCT_BUNDLE_IDENTIFIER = "Wiracha-Apiruxpoovadol.TestTests";
				PRODUCT_NAME = "$(TARGET_NAME)";
				SWIFT_EMIT_LOC_STRINGS = NO;
				SWIFT_VERSION = 5.0;
				TARGETED_DEVICE_FAMILY = "1,2";
				TEST_HOST = "$(BUILT_PRODUCTS_DIR)/Test.app/$(BUNDLE_EXECUTABLE_FOLDER_PATH)/Test";
			};
			name = Debug;
		};
		8496D7B02C27B67200C7DC9F /* Release */ = {
			isa = XCBuildConfiguration;
			buildSettings = {
				ALWAYS_EMBED_SWIFT_STANDARD_LIBRARIES = YES;
				BUNDLE_LOADER = "$(TEST_HOST)";
				CODE_SIGN_STYLE = Automatic;
				CURRENT_PROJECT_VERSION = 1;
				GENERATE_INFOPLIST_FILE = YES;
				IPHONEOS_DEPLOYMENT_TARGET = 17.5;
				MARKETING_VERSION = 1.0;
				PRODUCT_BUNDLE_IDENTIFIER = "Wiracha-Apiruxpoovadol.TestTests";
				PRODUCT_NAME = "$(TARGET_NAME)";
				SWIFT_EMIT_LOC_STRINGS = NO;
				SWIFT_VERSION = 5.0;
				TARGETED_DEVICE_FAMILY = "1,2";
				TEST_HOST = "$(BUILT_PRODUCTS_DIR)/Test.app/$(BUNDLE_EXECUTABLE_FOLDER_PATH)/Test";
			};
			name = Release;
		};
		8496D7B22C27B67200C7DC9F /* Debug */ = {
			isa = XCBuildConfiguration;
			buildSettings = {
				ALWAYS_EMBED_SWIFT_STANDARD_LIBRARIES = YES;
				CODE_SIGN_STYLE = Automatic;
				CURRENT_PROJECT_VERSION = 1;
				GENERATE_INFOPLIST_FILE = YES;
				MARKETING_VERSION = 1.0;
				PRODUCT_BUNDLE_IDENTIFIER = "Wiracha-Apiruxpoovadol.TestUITests";
				PRODUCT_NAME = "$(TARGET_NAME)";
				SWIFT_EMIT_LOC_STRINGS = NO;
				SWIFT_VERSION = 5.0;
				TARGETED_DEVICE_FAMILY = "1,2";
				TEST_TARGET_NAME = Test;
			};
			name = Debug;
		};
		8496D7B32C27B67200C7DC9F /* Release */ = {
			isa = XCBuildConfiguration;
			buildSettings = {
				ALWAYS_EMBED_SWIFT_STANDARD_LIBRARIES = YES;
				CODE_SIGN_STYLE = Automatic;
				CURRENT_PROJECT_VERSION = 1;
				GENERATE_INFOPLIST_FILE = YES;
				MARKETING_VERSION = 1.0;
				PRODUCT_BUNDLE_IDENTIFIER = "Wiracha-Apiruxpoovadol.TestUITests";
				PRODUCT_NAME = "$(TARGET_NAME)";
				SWIFT_EMIT_LOC_STRINGS = NO;
				SWIFT_VERSION = 5.0;
				TARGETED_DEVICE_FAMILY = "1,2";
				TEST_TARGET_NAME = Test;
			};
			name = Release;
		};
/* End XCBuildConfiguration section */

/* Begin XCConfigurationList section */
		8496D7822C27B67000C7DC9F /* Build configuration list for PBXProject "Test" */ = {
			isa = XCConfigurationList;
			buildConfigurations = (
				8496D7A92C27B67200C7DC9F /* Debug */,
				8496D7AA2C27B67200C7DC9F /* Release */,
			);
			defaultConfigurationIsVisible = 0;
			defaultConfigurationName = Release;
		};
		8496D7AB2C27B67200C7DC9F /* Build configuration list for PBXNativeTarget "Test" */ = {
			isa = XCConfigurationList;
			buildConfigurations = (
				8496D7AC2C27B67200C7DC9F /* Debug */,
				8496D7AD2C27B67200C7DC9F /* Release */,
			);
			defaultConfigurationIsVisible = 0;
			defaultConfigurationName = Release;
		};
		8496D7AE2C27B67200C7DC9F /* Build configuration list for PBXNativeTarget "TestTests" */ = {
			isa = XCConfigurationList;
			buildConfigurations = (
				8496D7AF2C27B67200C7DC9F /* Debug */,
				8496D7B02C27B67200C7DC9F /* Release */,
			);
			defaultConfigurationIsVisible = 0;
			defaultConfigurationName = Release;
		};
		8496D7B12C27B67200C7DC9F /* Build configuration list for PBXNativeTarget "TestUITests" */ = {
			isa = XCConfigurationList;
			buildConfigurations = (
				8496D7B22C27B67200C7DC9F /* Debug */,
				8496D7B32C27B67200C7DC9F /* Release */,
			);
			defaultConfigurationIsVisible = 0;
			defaultConfigurationName = Release;
		};
/* End XCConfigurationList section */

/* Begin XCRemoteSwiftPackageReference section */
		849343E12C28134B009BB751 /* XCRemoteSwiftPackageReference "ScreenshotSwiftUI" */ = {
			isa = XCRemoteSwiftPackageReference;
			repositoryURL = "https://github.com/gualtierofrigerio/ScreenshotSwiftUI.git";
			requirement = {
				kind = upToNextMajorVersion;
				minimumVersion = 0.3.0;
			};
		};
/* End XCRemoteSwiftPackageReference section */

/* Begin XCSwiftPackageProductDependency section */
		849343E22C281491009BB751 /* ScreenshotSwiftUI */ = {
			isa = XCSwiftPackageProductDependency;
			package = 849343E12C28134B009BB751 /* XCRemoteSwiftPackageReference "ScreenshotSwiftUI" */;
			productName = ScreenshotSwiftUI;
		};
/* End XCSwiftPackageProductDependency section */
	};
	rootObject = 8496D77F2C27B67000C7DC9F /* Project object */;
}
